<?xml version="1.0" encoding="utf-8"?>
<Project ToolsVersion="4.0" xmlns="http://schemas.microsoft.com/developer/msbuild/2003">
  <ItemGroup>
    <ClInclude Include="Engine.h">
      <Filter>01.Engine</Filter>
    </ClInclude>
    <ClInclude Include="Header.h">
      <Filter>99.Misc</Filter>
    </ClInclude>
    <ClInclude Include="CoreMinimal.h">
      <Filter>99.Misc</Filter>
    </ClInclude>
    <ClInclude Include="PreProcessor.h">
      <Filter>99.Misc</Filter>
    </ClInclude>
    <ClInclude Include="Enum.h">
      <Filter>99.Misc</Filter>
    </ClInclude>
    <ClInclude Include="Struct.h">
      <Filter>99.Misc</Filter>
    </ClInclude>
    <ClInclude Include="Value.h">
      <Filter>99.Misc</Filter>
    </ClInclude>
    <ClInclude Include="EngineUtil.h">
      <Filter>99.Misc</Filter>
    </ClInclude>
    <ClInclude Include="..\Lib\OpenGL\helper\objloader.hpp">
      <Filter>99.Misc\ThirdParty\Helper</Filter>
    </ClInclude>
    <ClInclude Include="..\Lib\OpenGL\helper\quaternion_utils.hpp">
      <Filter>99.Misc\ThirdParty\Helper</Filter>
    </ClInclude>
    <ClInclude Include="..\Lib\OpenGL\helper\tangentspace.hpp">
      <Filter>99.Misc\ThirdParty\Helper</Filter>
    </ClInclude>
    <ClInclude Include="..\Lib\OpenGL\helper\texture.hpp">
      <Filter>99.Misc\ThirdParty\Helper</Filter>
    </ClInclude>
    <ClInclude Include="..\Lib\OpenGL\helper\vboindexer.hpp">
      <Filter>99.Misc\ThirdParty\Helper</Filter>
    </ClInclude>
    <ClInclude Include="TimerManager.h">
      <Filter>03.Manager</Filter>
    </ClInclude>
    <ClInclude Include="InputManager.h">
      <Filter>03.Manager</Filter>
    </ClInclude>
    <ClInclude Include="CameraManager.h">
      <Filter>03.Manager</Filter>
    </ClInclude>
    <ClInclude Include="Type.h">
      <Filter>99.Misc</Filter>
    </ClInclude>
    <ClInclude Include="GeometryManager.h">
      <Filter>03.Manager</Filter>
    </ClInclude>
  </ItemGroup>
  <ItemGroup>
    <Filter Include="01.Engine">
      <UniqueIdentifier>{88132558-90de-4f16-80de-a7400cd9e9e4}</UniqueIdentifier>
    </Filter>
    <Filter Include="99.Misc">
      <UniqueIdentifier>{fbfa578a-4cb9-41ac-b136-554a1c4ed798}</UniqueIdentifier>
    </Filter>
    <Filter Include="99.Misc\ThirdParty">
      <UniqueIdentifier>{95e84bc8-c245-45c2-8830-dffea3d66ac0}</UniqueIdentifier>
    </Filter>
    <Filter Include="99.Misc\ThirdParty\Helper">
      <UniqueIdentifier>{784b7d04-d685-4709-a305-1e6a2909b59b}</UniqueIdentifier>
    </Filter>
    <Filter Include="02.Shader">
      <UniqueIdentifier>{ab29bd03-d5d2-437b-8cc2-2bc027515822}</UniqueIdentifier>
    </Filter>
    <Filter Include="02.Shader\Vertex">
      <UniqueIdentifier>{35d38a6f-1b9a-426c-9e0e-84c5d3cab728}</UniqueIdentifier>
    </Filter>
    <Filter Include="02.Shader\Fragment">
      <UniqueIdentifier>{ec51e932-09a3-4fe3-a6d3-64c6e0c9e139}</UniqueIdentifier>
    </Filter>
    <Filter Include="03.Manager">
      <UniqueIdentifier>{e9e31ef8-8e08-401a-b796-7c13e8a0103e}</UniqueIdentifier>
    </Filter>
    <Filter Include="etc">
      <UniqueIdentifier>{301d49c2-7758-4e65-aebf-1ef06ec24dae}</UniqueIdentifier>
    </Filter>
  </ItemGroup>
  <ItemGroup>
    <ClCompile Include="Engine.cpp">
      <Filter>01.Engine</Filter>
    </ClCompile>
    <ClCompile Include="EngineUtil.cpp">
      <Filter>99.Misc</Filter>
    </ClCompile>
    <ClCompile Include="..\Lib\OpenGL\helper\objloader.cpp">
      <Filter>99.Misc\ThirdParty\Helper</Filter>
    </ClCompile>
    <ClCompile Include="..\Lib\OpenGL\helper\quaternion_utils.cpp">
      <Filter>99.Misc\ThirdParty\Helper</Filter>
    </ClCompile>
    <ClCompile Include="..\Lib\OpenGL\helper\tangentspace.cpp">
      <Filter>99.Misc\ThirdParty\Helper</Filter>
    </ClCompile>
    <ClCompile Include="..\Lib\OpenGL\helper\texture.cpp">
      <Filter>99.Misc\ThirdParty\Helper</Filter>
    </ClCompile>
    <ClCompile Include="..\Lib\OpenGL\helper\vboindexer.cpp">
      <Filter>99.Misc\ThirdParty\Helper</Filter>
    </ClCompile>
    <ClCompile Include="InputManager.cpp">
      <Filter>03.Manager</Filter>
    </ClCompile>
    <ClCompile Include="TimerManager.cpp">
      <Filter>03.Manager</Filter>
    </ClCompile>
    <ClCompile Include="CameraManager.cpp">
      <Filter>03.Manager</Filter>
    </ClCompile>
    <ClCompile Include="GeometryManager.cpp">
      <Filter>03.Manager</Filter>
    </ClCompile>
  </ItemGroup>
  <ItemGroup>
    <None Include="Shader\Vertex\VS_Default.vert">
      <Filter>02.Shader\Vertex</Filter>
    </None>
    <None Include="Shader\Fragment\FS_Default.frag">
      <Filter>02.Shader\Fragment</Filter>
    </None>
  </ItemGroup>
  <ItemGroup>
    <Text Include="..\etc\OpenGL\OpenGL.txt">
      <Filter>etc</Filter>
    </Text>
    <Text Include="..\etc\Project\TODO.txt">
      <Filter>etc</Filter>
    </Text>
    <Text Include="..\etc\Project\Issue.txt">
      <Filter>etc</Filter>
    </Text>
  </ItemGroup>
</Project>